// !$*UTF8*$!
{
	archiveVersion = 1;
	classes = {
	};
	objectVersion = 46;
	objects = {

/* Begin PBXBuildFile section */
		BE8262B01F5CADFB0006CAE5 /* DetectDebugger.cpp in Sources */ = {isa = PBXBuildFile; fileRef = BE8262AD1F5CADFB0006CAE5 /* DetectDebugger.cpp */; };
		BE8262B11F5CADFB0006CAE5 /* main.cpp in Sources */ = {isa = PBXBuildFile; fileRef = BE8262AF1F5CADFB0006CAE5 /* main.cpp */; };
/* End PBXBuildFile section */

/* Begin PBXCopyFilesBuildPhase section */
		BE8262A11F5CADBE0006CAE5 /* CopyFiles */ = {
			isa = PBXCopyFilesBuildPhase;
			buildActionMask = 2147483647;
			dstPath = /usr/share/man/man1/;
			dstSubfolderSpec = 0;
			files = (
			);
			runOnlyForDeploymentPostprocessing = 1;
		};
/* End PBXCopyFilesBuildPhase section */

/* Begin PBXFileReference section */
		BE8262A31F5CADBE0006CAE5 /* DetectDebugger */ = {isa = PBXFileReference; explicitFileType = "compiled.mach-o.executable"; includeInIndex = 0; path = DetectDebugger; sourceTree = BUILT_PRODUCTS_DIR; };
		BE8262AD1F5CADFB0006CAE5 /* DetectDebugger.cpp */ = {isa = PBXFileReference; fileEncoding = 4; lastKnownFileType = sourcecode.cpp.cpp; path = DetectDebugger.cpp; sourceTree = "<group>"; };
		BE8262AE1F5CADFB0006CAE5 /* DetectDebugger.h */ = {isa = PBXFileReference; fileEncoding = 4; lastKnownFileType = sourcecode.c.h; path = DetectDebugger.h; sourceTree = "<group>"; };
		BE8262AF1F5CADFB0006CAE5 /* main.cpp */ = {isa = PBXFileReference; fileEncoding = 4; lastKnownFileType = sourcecode.cpp.cpp; path = main.cpp; sourceTree = "<group>"; };
/* End PBXFileReference section */

/* Begin PBXFrameworksBuildPhase section */
		BE8262A01F5CADBE0006CAE5 /* Frameworks */ = {
			isa = PBXFrameworksBuildPhase;
			buildActionMask = 2147483647;
			files = (
			);
			runOnlyForDeploymentPostprocessing = 0;
		};
/* End PBXFrameworksBuildPhase section */

/* Begin PBXGroup section */
		BE82629A1F5CADBE0006CAE5 = {
			isa = PBXGroup;
			children = (
				BE8262AD1F5CADFB0006CAE5 /* DetectDebugger.cpp */,
				BE8262AE1F5CADFB0006CAE5 /* DetectDebugger.h */,
				BE8262AF1F5CADFB0006CAE5 /* main.cpp */,
				BE8262A41F5CADBE0006CAE5 /* Products */,
			);
			sourceTree = "<group>";
		};
		BE8262A41F5CADBE0006CAE5 /* Products */ = {
			isa = PBXGroup;
			children = (
				BE8262A31F5CADBE0006CAE5 /* DetectDebugger */,
			);
			name = Products;
			sourceTree = "<group>";
		};
/* End PBXGroup section */

/* Begin PBXNativeTarget section */
		BE8262A21F5CADBE0006CAE5 /* DetectDebugger */ = {
			isa = PBXNativeTarget;
			buildConfigurationList = BE8262AA1F5CADBE0006CAE5 /* Build configuration list for PBXNativeTarget "DetectDebugger" */;
			buildPhases = (
				BE82629F1F5CADBE0006CAE5 /* Sources */,
				BE8262A01F5CADBE0006CAE5 /* Frameworks */,
				BE8262A11F5CADBE0006CAE5 /* CopyFiles */,
			);
			buildRules = (
			);
			dependencies = (
			);
			name = DetectDebugger;
			productName = DetectDebugger;
			productReference = BE8262A31F5CADBE0006CAE5 /* DetectDebugger */;
			productType = "com.apple.product-type.tool";
		};
/* End PBXNativeTarget section */

/* Begin PBXProject section */
		BE82629B1F5CADBE0006CAE5 /* Project object */ = {
			isa = PBXProject;
			attributes = {
				LastUpgradeCheck = 0830;
				ORGANIZATIONNAME = "Sebastien Andrivet";
				TargetAttributes = {
					BE8262A21F5CADBE0006CAE5 = {
						CreatedOnToolsVersion = 8.3.3;
						DevelopmentTeam = BX4T4H5V93;
						ProvisioningStyle = Automatic;
					};
				};
			};
			buildConfigurationList = BE82629E1F5CADBE0006CAE5 /* Build configuration list for PBXProject "DetectDebugger" */;
			compatibilityVersion = "Xcode 3.2";
			developmentRegion = English;
			hasScannedForEncodings = 0;
			knownRegions = (
				en,
			);
			mainGroup = BE82629A1F5CADBE0006CAE5;
			productRefGroup = BE8262A41F5CADBE0006CAE5 /* Products */;
			projectDirPath = "";
			projectRoot = "";
			targets = (
				BE8262A21F5CADBE0006CAE5 /* DetectDebugger */,
			);
		};
/* End PBXProject section */

/* Begin PBXSourcesBuildPhase section */
		BE82629F1F5CADBE0006CAE5 /* Sources */ = {
			isa = PBXSourcesBuildPhase;
			buildActionMask = 2147483647;
			files = (
				BE8262B11F5CADFB0006CAE5 /* main.cpp in Sources */,
				BE8262B01F5CADFB0006CAE5 /* DetectDebugger.cpp in Sources */,
			);
			runOnlyForDeploymentPostprocessing = 0;
		};
/* End PBXSourcesBuildPhase section */

/* Begin XCBuildConfiguration section */
		BE8262A81F5CADBE0006CAE5 /* Debug */ = {
			isa = XCBuildConfiguration;
			buildSettings = {
				ALWAYS_SEARCH_USER_PATHS = NO;
				CLANG_ANALYZER_NONNULL = YES;
				CLANG_ANALYZER_NUMBER_OBJECT_CONVERSION = YES_AGGRESSIVE;
				CLANG_CXX_LANGUAGE_STANDARD = "gnu++0x";
				CLANG_CXX_LIBRARY = "libc++";
				CLANG_ENABLE_MODULES = YES;
				CLANG_ENABLE_OBJC_ARC = YES;
				CLANG_WARN_BOOL_CONVERSION = YES;
				CLANG_WARN_CONSTANT_CONVERSION = YES;
				CLANG_WARN_DIRECT_OBJC_ISA_USAGE = YES_ERROR;
				CLANG_WARN_DOCUMENTATION_COMMENTS = YES;
				CLANG_WARN_EMPTY_BODY = YES;
				CLANG_WARN_ENUM_CONVERSION = YES;
				CLANG_WARN_INFINITE_RECURSION = YES;
				CLANG_WARN_INT_CONVERSION = YES;
				CLANG_WARN_OBJC_ROOT_CLASS = YES_ERROR;
				CLANG_WARN_SUSPICIOUS_MOVE = YES;
				CLANG_WARN_UNREACHABLE_CODE = YES;
				CLANG_WARN__DUPLICATE_METHOD_MATCH = YES;
				CODE_SIGN_IDENTITY = "-";
				COPY_PHASE_STRIP = NO;
				DEBUG_INFORMATION_FORMAT = dwarf;
				ENABLE_STRICT_OBJC_MSGSEND = YES;
				ENABLE_TESTABILITY = YES;
				GCC_C_LANGUAGE_STANDARD = gnu99;
				GCC_DYNAMIC_NO_PIC = NO;
				GCC_NO_COMMON_BLOCKS = YES;
				GCC_OPTIMIZATION_LEVEL = 0;
				GCC_PREPROCESSOR_DEFINITIONS = (
					"DEBUG=1",
					"$(inherited)",
				);
				GCC_WARN_64_TO_32_BIT_CONVERSION = YES;
				GCC_WARN_ABOUT_RETURN_TYPE = YES_ERROR;
				GCC_WARN_UNDECLARED_SELECTOR = YES;
				GCC_WARN_UNINITIALIZED_AUTOS = YES_AGGRESSIVE;
				GCC_WARN_UNUSED_FUNCTION = YES;
				GCC_WARN_UNUSED_VARIABLE = YES;
				HEADER_SEARCH_PATHS = /usr/local/Cellar/boost/1.65.0/include;
				MACOSX_DEPLOYMENT_TARGET = 10.12;
				MTL_ENABLE_DEBUG_INFO = YES;
				ONLY_ACTIVE_ARCH = YES;
				SDKROOT = macosx;
				USER_HEADER_SEARCH_PATHS = ../../Lib;
			};
			name = Debug;
		};
		BE8262A91F5CADBE0006CAE5 /* Release */ = {
			isa = XCBuildConfiguration;
			buildSettings = {
				ALWAYS_SEARCH_USER_PATHS = NO;
				CLANG_ANALYZER_NONNULL = YES;
				CLANG_ANALYZER_NUMBER_OBJECT_CONVERSION = YES_AGGRESSIVE;
				CLANG_CXX_LANGUAGE_STANDARD = "gnu++0x";
				CLANG_CXX_LIBRARY = "libc++";
				CLANG_ENABLE_MODULES = YES;
				CLANG_ENABLE_OBJC_ARC = YES;
				CLANG_WARN_BOOL_CONVERSION = YES;
				CLANG_WARN_CONSTANT_CONVERSION = YES;
				CLANG_WARN_DIRECT_OBJC_ISA_USAGE = YES_ERROR;
				CLANG_WARN_DOCUMENTATION_COMMENTS = YES;
				CLANG_WARN_EMPTY_BODY = YES;
				CLANG_WARN_ENUM_CONVERSION = YES;
				CLANG_WARN_INFINITE_RECURSION = YES;
				CLANG_WARN_INT_CONVERSION = YES;
				CLANG_WARN_OBJC_ROOT_CLASS = YES_ERROR;
				CLANG_WARN_SUSPICIOUS_MOVE = YES;
				CLANG_WARN_UNREACHABLE_CODE = YES;
				CLANG_WARN__DUPLICATE_METHOD_MATCH = YES;
				CODE_SIGN_IDENTITY = "-";
				COPY_PHASE_STRIP = NO;
				DEBUG_INFORMATION_FORMAT = "dwarf-with-dsym";
				ENABLE_NS_ASSERTIONS = NO;
				ENABLE_STRICT_OBJC_MSGSEND = YES;
				GCC_C_LANGUAGE_STANDARD = gnu99;
				GCC_NO_COMMON_BLOCKS = YES;
				GCC_WARN_64_TO_32_BIT_CONVERSION = YES;
				GCC_WARN_ABOUT_RETURN_TYPE = YES_ERROR;
				GCC_WARN_UNDECLARED_SELECTOR = YES;
				GCC_WARN_UNINITIALIZED_AUTOS = YES_AGGRESSIVE;
				GCC_WARN_UNUSED_FUNCTION = YES;
				GCC_WARN_UNUSED_VARIABLE = YES;
				HEADER_SEARCH_PATHS = /usr/local/Cellar/boost/1.65.0/include;
				MACOSX_DEPLOYMENT_TARGET = 10.12;
				MTL_ENABLE_DEBUG_INFO = NO;
				SDKROOT = macosx;
				USER_HEADER_SEARCH_PATHS = ../../Lib;
			};
			name = Release;
		};
		BE8262AB1F5CADBE0006CAE5 /* Debug */ = {
			isa = XCBuildConfiguration;
			buildSettings = {
				DEVELOPMENT_TEAM = BX4T4H5V93;
				PRODUCT_NAME = "$(TARGET_NAME)";
			};
			name = Debug;
		};
		BE8262AC1F5CADBE0006CAE5 /* Release */ = {
			isa = XCBuildConfiguration;
			buildSettings = {
				DEVELOPMENT_TEAM = BX4T4H5V93;
				PRODUCT_NAME = "$(TARGET_NAME)";
			};
			name = Release;
		};
/* End XCBuildConfiguration section */

/* Begin XCConfigurationList section */
		BE82629E1F5CADBE0006CAE5 /* Build configuration list for PBXProject "DetectDebugger" */ = {
			isa = XCConfigurationList;
			buildConfigurations = (
				BE8262A81F5CADBE0006CAE5 /* Debug */,
				BE8262A91F5CADBE0006CAE5 /* Release */,
			);
			defaultConfigurationIsVisible = 0;
			defaultConfigurationName = Release;
		};
		BE8262AA1F5CADBE0006CAE5 /* Build configuration list for PBXNativeTarget "DetectDebugger" */ = {
			isa = XCConfigurationList;
			buildConfigurations = (
				BE8262AB1F5CADBE0006CAE5 /* Debug */,
				BE8262AC1F5CADBE0006CAE5 /* Release */,
			);
			defaultConfigurationIsVisible = 0;
		};
/* End XCConfigurationList section */
	};
	rootObject = BE82629B1F5CADBE0006CAE5 /* Project object */;
}
