<?xml version="1.0" encoding="utf-8"?>
<Project ToolsVersion="4.0" xmlns="http://schemas.microsoft.com/developer/msbuild/2003">
  <ItemGroup>
    <ClCompile Include="Console.cpp" />
    <ClCompile Include="DllMain.cpp" />
    <ClCompile Include="Mono.cpp" />
    <ClCompile Include="Exports.cpp" />
    <ClCompile Include="MelonLoader.cpp" />
    <ClCompile Include="HookManager.cpp" />
    <ClCompile Include="Logger.cpp" />
    <ClCompile Include="AssertionManager.cpp" />
    <ClCompile Include="DisableAnalytics.cpp" />
    <ClCompile Include="MelonLoader_Base.cpp" />
    <ClCompile Include="UnityTLS.cpp" />
    <ClCompile Include="Il2Cpp.cpp" />
  </ItemGroup>
  <ItemGroup>
    <ClInclude Include="Console.h" />
    <ClInclude Include="Mono.h" />
    <ClInclude Include="Exports.h" />
    <ClInclude Include="MelonLoader.h" />
    <ClInclude Include="HookManager.h" />
    <ClInclude Include="Logger.h" />
    <ClInclude Include="AssertionManager.h" />
    <ClInclude Include="Detours\detours.h">
      <Filter>Detours</Filter>
    </ClInclude>
    <ClInclude Include="Detours\detver.h">
      <Filter>Detours</Filter>
    </ClInclude>
    <ClInclude Include="DisableAnalytics.h" />
    <ClInclude Include="MelonLoader_Base.h" />
    <ClInclude Include="UnityTLS.h" />
    <ClInclude Include="Il2Cpp.h" />
  </ItemGroup>
  <ItemGroup>
    <Filter Include="Detours">
      <UniqueIdentifier>{12badb91-d589-4ab6-81d9-ca075a98fb81}</UniqueIdentifier>
    </Filter>
  </ItemGroup>
  <ItemGroup>
    <Library Include="Detours\detours.lib">
      <Filter>Detours</Filter>
    </Library>
  </ItemGroup>
</Project>